// !$*UTF8*$!
{
	archiveVersion = 1;
	classes = {
	};
	objectVersion = 46;
	objects = {

/* Begin PBXBuildFile section */
		757F603DA330060C6C58E7B0 /* Pods_TwitchClient.framework in Frameworks */ = {isa = PBXBuildFile; fileRef = C55E914E5C5E9C61F0A1B2BA /* Pods_TwitchClient.framework */; };
		7B4A2E301E7945E50017087A /* Assets.xcassets in Resources */ = {isa = PBXBuildFile; fileRef = 7B4A2E2F1E7945E50017087A /* Assets.xcassets */; };
		7B4A2E331E7945E50017087A /* LaunchScreen.storyboard in Resources */ = {isa = PBXBuildFile; fileRef = 7B4A2E311E7945E50017087A /* LaunchScreen.storyboard */; };
		7B5C40101E7AB1790001A534 /* RxSwift_Extension.swift in Sources */ = {isa = PBXBuildFile; fileRef = 7B5C400F1E7AB1790001A534 /* RxSwift_Extension.swift */; };
		7B5C40161E7AB2A10001A534 /* HTTPClient.swift in Sources */ = {isa = PBXBuildFile; fileRef = 7B5C40151E7AB2A10001A534 /* HTTPClient.swift */; };
		7B5C40181E7AB3520001A534 /* Router.swift in Sources */ = {isa = PBXBuildFile; fileRef = 7B5C40171E7AB3520001A534 /* Router.swift */; };
		7B5C401A1E7AB3780001A534 /* APIParams.swift in Sources */ = {isa = PBXBuildFile; fileRef = 7B5C40191E7AB3780001A534 /* APIParams.swift */; };
		7B5C401C1E7AB5000001A534 /* Dictionary_Extension.swift in Sources */ = {isa = PBXBuildFile; fileRef = 7B5C401B1E7AB5000001A534 /* Dictionary_Extension.swift */; };
		7B5C401E1E7AB6340001A534 /* RequestAdapter.swift in Sources */ = {isa = PBXBuildFile; fileRef = 7B5C401D1E7AB6340001A534 /* RequestAdapter.swift */; };
		7B72ED5B1E7AB89E00F1133B /* DependencyInjectionConfigurator.swift in Sources */ = {isa = PBXBuildFile; fileRef = 7B72ED5A1E7AB89E00F1133B /* DependencyInjectionConfigurator.swift */; };
		7B72ED5E1E7AB91700F1133B /* GamesService.swift in Sources */ = {isa = PBXBuildFile; fileRef = 7B72ED5D1E7AB91700F1133B /* GamesService.swift */; };
		7B72ED611E7AB95B00F1133B /* Game.swift in Sources */ = {isa = PBXBuildFile; fileRef = 7B72ED601E7AB95B00F1133B /* Game.swift */; };
		7B72ED651E7ABC7500F1133B /* Constants.swift in Sources */ = {isa = PBXBuildFile; fileRef = 7B72ED641E7ABC7500F1133B /* Constants.swift */; };
		7B790B751E7BD00B00BAFD5A /* Environments.plist in Resources */ = {isa = PBXBuildFile; fileRef = 7B790B741E7BD00B00BAFD5A /* Environments.plist */; };
		7B790B771E7BD10E00BAFD5A /* Environments.swift in Sources */ = {isa = PBXBuildFile; fileRef = 7B790B761E7BD10E00BAFD5A /* Environments.swift */; };
		7B790B7A1E7BD72900BAFD5A /* LoadingView.swift in Sources */ = {isa = PBXBuildFile; fileRef = 7B790B791E7BD72900BAFD5A /* LoadingView.swift */; };
		7B790B7D1E7C009200BAFD5A /* GameRouter.swift in Sources */ = {isa = PBXBuildFile; fileRef = 7B790B7C1E7C009200BAFD5A /* GameRouter.swift */; };
		7B790B821E7C02A100BAFD5A /* Pagination.swift in Sources */ = {isa = PBXBuildFile; fileRef = 7B790B811E7C02A100BAFD5A /* Pagination.swift */; };
		7B790B851E7C135B00BAFD5A /* DataSource.swift in Sources */ = {isa = PBXBuildFile; fileRef = 7B790B841E7C135B00BAFD5A /* DataSource.swift */; };
		7B790B881E7C172F00BAFD5A /* GameTableViewCell.swift in Sources */ = {isa = PBXBuildFile; fileRef = 7B790B871E7C172F00BAFD5A /* GameTableViewCell.swift */; };
		7B790B8D1E7C31DD00BAFD5A /* UIViewController_Extension.swift in Sources */ = {isa = PBXBuildFile; fileRef = 7B790B8C1E7C31DD00BAFD5A /* UIViewController_Extension.swift */; };
		7B790B8F1E7C322F00BAFD5A /* StreamListViewController.swift in Sources */ = {isa = PBXBuildFile; fileRef = 7B790B8E1E7C322F00BAFD5A /* StreamListViewController.swift */; };
		7B790B941E7C337400BAFD5A /* Logo.swift in Sources */ = {isa = PBXBuildFile; fileRef = 7B790B931E7C337400BAFD5A /* Logo.swift */; };
		7B790B961E7C339B00BAFD5A /* Stream.swift in Sources */ = {isa = PBXBuildFile; fileRef = 7B790B951E7C339B00BAFD5A /* Stream.swift */; };
		7B790B981E7C34C300BAFD5A /* StreamsService.swift in Sources */ = {isa = PBXBuildFile; fileRef = 7B790B971E7C34C300BAFD5A /* StreamsService.swift */; };
		7B790B9A1E7C350200BAFD5A /* StreamRouter.swift in Sources */ = {isa = PBXBuildFile; fileRef = 7B790B991E7C350200BAFD5A /* StreamRouter.swift */; };
		7B790BAC1E7E8D4D00BAFD5A /* TableViewCell.swift in Sources */ = {isa = PBXBuildFile; fileRef = 7B790BAB1E7E8D4D00BAFD5A /* TableViewCell.swift */; };
		7B790BAE1E7E8D6E00BAFD5A /* StreamTableViewCell.swift in Sources */ = {isa = PBXBuildFile; fileRef = 7B790BAD1E7E8D6E00BAFD5A /* StreamTableViewCell.swift */; };
		7B790BB01E7E8DAF00BAFD5A /* CellConfigurable.swift in Sources */ = {isa = PBXBuildFile; fileRef = 7B790BAF1E7E8DAF00BAFD5A /* CellConfigurable.swift */; };
		7B790BB21E7E8F7000BAFD5A /* TwitchModel.swift in Sources */ = {isa = PBXBuildFile; fileRef = 7B790BB11E7E8F7000BAFD5A /* TwitchModel.swift */; };
		7BD4D6CA1E7947F7007A1D81 /* AppDelegate.swift in Sources */ = {isa = PBXBuildFile; fileRef = 7BD4D6C61E7947F7007A1D81 /* AppDelegate.swift */; };
		7BD4D6CC1E7947F7007A1D81 /* GameListViewController.swift in Sources */ = {isa = PBXBuildFile; fileRef = 7BD4D6C91E7947F7007A1D81 /* GameListViewController.swift */; };
		7BDF8FF11E7AC30D000D11C3 /* Macros.swift in Sources */ = {isa = PBXBuildFile; fileRef = 7BDF8FF01E7AC30D000D11C3 /* Macros.swift */; };
		7BDF8FF31E7AC48F000D11C3 /* BaseVC.swift in Sources */ = {isa = PBXBuildFile; fileRef = 7BDF8FF21E7AC48F000D11C3 /* BaseVC.swift */; };
		7BDF8FF61E7AC50E000D11C3 /* Margin.swift in Sources */ = {isa = PBXBuildFile; fileRef = 7BDF8FF51E7AC50E000D11C3 /* Margin.swift */; };
		7BDF8FF81E7AC8A1000D11C3 /* TwitchClientError.swift in Sources */ = {isa = PBXBuildFile; fileRef = 7BDF8FF71E7AC8A1000D11C3 /* TwitchClientError.swift */; };
		7BDF8FFB1E7ACA0C000D11C3 /* UIView_Extension.swift in Sources */ = {isa = PBXBuildFile; fileRef = 7BDF8FFA1E7ACA0C000D11C3 /* UIView_Extension.swift */; };
/* End PBXBuildFile section */

/* Begin PBXFileReference section */
		232D71470C99D354D0E53A7D /* Pods-TwitchClient.release.xcconfig */ = {isa = PBXFileReference; includeInIndex = 1; lastKnownFileType = text.xcconfig; name = "Pods-TwitchClient.release.xcconfig"; path = "Pods/Target Support Files/Pods-TwitchClient/Pods-TwitchClient.release.xcconfig"; sourceTree = "<group>"; };
		7B4A2E251E7945E50017087A /* TwitchClient.app */ = {isa = PBXFileReference; explicitFileType = wrapper.application; includeInIndex = 0; path = TwitchClient.app; sourceTree = BUILT_PRODUCTS_DIR; };
		7B4A2E2F1E7945E50017087A /* Assets.xcassets */ = {isa = PBXFileReference; lastKnownFileType = folder.assetcatalog; path = Assets.xcassets; sourceTree = "<group>"; };
		7B4A2E321E7945E50017087A /* Base */ = {isa = PBXFileReference; lastKnownFileType = file.storyboard; name = Base; path = Base.lproj/LaunchScreen.storyboard; sourceTree = "<group>"; };
		7B5C400F1E7AB1790001A534 /* RxSwift_Extension.swift */ = {isa = PBXFileReference; fileEncoding = 4; lastKnownFileType = sourcecode.swift; path = RxSwift_Extension.swift; sourceTree = "<group>"; };
		7B5C40151E7AB2A10001A534 /* HTTPClient.swift */ = {isa = PBXFileReference; fileEncoding = 4; lastKnownFileType = sourcecode.swift; path = HTTPClient.swift; sourceTree = "<group>"; };
		7B5C40171E7AB3520001A534 /* Router.swift */ = {isa = PBXFileReference; fileEncoding = 4; lastKnownFileType = sourcecode.swift; name = Router.swift; path = HTTP/Router.swift; sourceTree = "<group>"; };
		7B5C40191E7AB3780001A534 /* APIParams.swift */ = {isa = PBXFileReference; fileEncoding = 4; lastKnownFileType = sourcecode.swift; path = APIParams.swift; sourceTree = "<group>"; };
		7B5C401B1E7AB5000001A534 /* Dictionary_Extension.swift */ = {isa = PBXFileReference; fileEncoding = 4; lastKnownFileType = sourcecode.swift; path = Dictionary_Extension.swift; sourceTree = "<group>"; };
		7B5C401D1E7AB6340001A534 /* RequestAdapter.swift */ = {isa = PBXFileReference; fileEncoding = 4; lastKnownFileType = sourcecode.swift; path = RequestAdapter.swift; sourceTree = "<group>"; };
		7B72ED5A1E7AB89E00F1133B /* DependencyInjectionConfigurator.swift */ = {isa = PBXFileReference; fileEncoding = 4; lastKnownFileType = sourcecode.swift; path = DependencyInjectionConfigurator.swift; sourceTree = "<group>"; };
		7B72ED5D1E7AB91700F1133B /* GamesService.swift */ = {isa = PBXFileReference; fileEncoding = 4; lastKnownFileType = sourcecode.swift; path = GamesService.swift; sourceTree = "<group>"; };
		7B72ED601E7AB95B00F1133B /* Game.swift */ = {isa = PBXFileReference; fileEncoding = 4; lastKnownFileType = sourcecode.swift; path = Game.swift; sourceTree = "<group>"; };
		7B72ED641E7ABC7500F1133B /* Constants.swift */ = {isa = PBXFileReference; fileEncoding = 4; lastKnownFileType = sourcecode.swift; path = Constants.swift; sourceTree = "<group>"; };
		7B790B741E7BD00B00BAFD5A /* Environments.plist */ = {isa = PBXFileReference; fileEncoding = 4; lastKnownFileType = text.plist.xml; path = Environments.plist; sourceTree = "<group>"; };
		7B790B761E7BD10E00BAFD5A /* Environments.swift */ = {isa = PBXFileReference; fileEncoding = 4; lastKnownFileType = sourcecode.swift; name = Environments.swift; path = Models/Environments.swift; sourceTree = "<group>"; };
		7B790B791E7BD72900BAFD5A /* LoadingView.swift */ = {isa = PBXFileReference; fileEncoding = 4; lastKnownFileType = sourcecode.swift; path = LoadingView.swift; sourceTree = "<group>"; };
		7B790B7C1E7C009200BAFD5A /* GameRouter.swift */ = {isa = PBXFileReference; fileEncoding = 4; lastKnownFileType = sourcecode.swift; path = GameRouter.swift; sourceTree = "<group>"; };
		7B790B811E7C02A100BAFD5A /* Pagination.swift */ = {isa = PBXFileReference; fileEncoding = 4; lastKnownFileType = sourcecode.swift; path = Pagination.swift; sourceTree = "<group>"; };
		7B790B841E7C135B00BAFD5A /* DataSource.swift */ = {isa = PBXFileReference; fileEncoding = 4; lastKnownFileType = sourcecode.swift; path = DataSource.swift; sourceTree = "<group>"; };
		7B790B871E7C172F00BAFD5A /* GameTableViewCell.swift */ = {isa = PBXFileReference; fileEncoding = 4; lastKnownFileType = sourcecode.swift; path = GameTableViewCell.swift; sourceTree = "<group>"; };
		7B790B8C1E7C31DD00BAFD5A /* UIViewController_Extension.swift */ = {isa = PBXFileReference; fileEncoding = 4; lastKnownFileType = sourcecode.swift; path = UIViewController_Extension.swift; sourceTree = "<group>"; };
		7B790B8E1E7C322F00BAFD5A /* StreamListViewController.swift */ = {isa = PBXFileReference; fileEncoding = 4; lastKnownFileType = sourcecode.swift; path = StreamListViewController.swift; sourceTree = "<group>"; };
		7B790B931E7C337400BAFD5A /* Logo.swift */ = {isa = PBXFileReference; fileEncoding = 4; lastKnownFileType = sourcecode.swift; path = Logo.swift; sourceTree = "<group>"; };
		7B790B951E7C339B00BAFD5A /* Stream.swift */ = {isa = PBXFileReference; fileEncoding = 4; lastKnownFileType = sourcecode.swift; path = Stream.swift; sourceTree = "<group>"; };
		7B790B971E7C34C300BAFD5A /* StreamsService.swift */ = {isa = PBXFileReference; fileEncoding = 4; lastKnownFileType = sourcecode.swift; path = StreamsService.swift; sourceTree = "<group>"; };
		7B790B991E7C350200BAFD5A /* StreamRouter.swift */ = {isa = PBXFileReference; fileEncoding = 4; lastKnownFileType = sourcecode.swift; path = StreamRouter.swift; sourceTree = "<group>"; };
		7B790BAB1E7E8D4D00BAFD5A /* TableViewCell.swift */ = {isa = PBXFileReference; fileEncoding = 4; lastKnownFileType = sourcecode.swift; path = TableViewCell.swift; sourceTree = "<group>"; };
		7B790BAD1E7E8D6E00BAFD5A /* StreamTableViewCell.swift */ = {isa = PBXFileReference; fileEncoding = 4; lastKnownFileType = sourcecode.swift; path = StreamTableViewCell.swift; sourceTree = "<group>"; };
		7B790BAF1E7E8DAF00BAFD5A /* CellConfigurable.swift */ = {isa = PBXFileReference; fileEncoding = 4; lastKnownFileType = sourcecode.swift; path = CellConfigurable.swift; sourceTree = "<group>"; };
		7B790BB11E7E8F7000BAFD5A /* TwitchModel.swift */ = {isa = PBXFileReference; fileEncoding = 4; lastKnownFileType = sourcecode.swift; path = TwitchModel.swift; sourceTree = "<group>"; };
		7BD4D6C61E7947F7007A1D81 /* AppDelegate.swift */ = {isa = PBXFileReference; fileEncoding = 4; lastKnownFileType = sourcecode.swift; path = AppDelegate.swift; sourceTree = "<group>"; };
		7BD4D6C71E7947F7007A1D81 /* TwitchClient-Info.plist */ = {isa = PBXFileReference; fileEncoding = 4; lastKnownFileType = text.plist.xml; path = "TwitchClient-Info.plist"; sourceTree = "<group>"; };
		7BD4D6C91E7947F7007A1D81 /* GameListViewController.swift */ = {isa = PBXFileReference; fileEncoding = 4; lastKnownFileType = sourcecode.swift; path = GameListViewController.swift; sourceTree = "<group>"; };
		7BDF8FF01E7AC30D000D11C3 /* Macros.swift */ = {isa = PBXFileReference; fileEncoding = 4; lastKnownFileType = sourcecode.swift; path = Macros.swift; sourceTree = "<group>"; };
		7BDF8FF21E7AC48F000D11C3 /* BaseVC.swift */ = {isa = PBXFileReference; fileEncoding = 4; lastKnownFileType = sourcecode.swift; path = BaseVC.swift; sourceTree = "<group>"; };
		7BDF8FF51E7AC50E000D11C3 /* Margin.swift */ = {isa = PBXFileReference; fileEncoding = 4; lastKnownFileType = sourcecode.swift; path = Margin.swift; sourceTree = "<group>"; };
		7BDF8FF71E7AC8A1000D11C3 /* TwitchClientError.swift */ = {isa = PBXFileReference; fileEncoding = 4; lastKnownFileType = sourcecode.swift; path = TwitchClientError.swift; sourceTree = "<group>"; };
		7BDF8FFA1E7ACA0C000D11C3 /* UIView_Extension.swift */ = {isa = PBXFileReference; fileEncoding = 4; lastKnownFileType = sourcecode.swift; path = UIView_Extension.swift; sourceTree = "<group>"; };
		A534830084560746B460B84F /* Pods-TwitchClient.debug.xcconfig */ = {isa = PBXFileReference; includeInIndex = 1; lastKnownFileType = text.xcconfig; name = "Pods-TwitchClient.debug.xcconfig"; path = "Pods/Target Support Files/Pods-TwitchClient/Pods-TwitchClient.debug.xcconfig"; sourceTree = "<group>"; };
		C55E914E5C5E9C61F0A1B2BA /* Pods_TwitchClient.framework */ = {isa = PBXFileReference; explicitFileType = wrapper.framework; includeInIndex = 0; path = Pods_TwitchClient.framework; sourceTree = BUILT_PRODUCTS_DIR; };
/* End PBXFileReference section */

/* Begin PBXFrameworksBuildPhase section */
		7B4A2E221E7945E50017087A /* Frameworks */ = {
			isa = PBXFrameworksBuildPhase;
			buildActionMask = 2147483647;
			files = (
				757F603DA330060C6C58E7B0 /* Pods_TwitchClient.framework in Frameworks */,
			);
			runOnlyForDeploymentPostprocessing = 0;
		};
/* End PBXFrameworksBuildPhase section */

/* Begin PBXGroup section */
		553C946641D9FC80F2470AB8 /* Pods */ = {
			isa = PBXGroup;
			children = (
				A534830084560746B460B84F /* Pods-TwitchClient.debug.xcconfig */,
				232D71470C99D354D0E53A7D /* Pods-TwitchClient.release.xcconfig */,
			);
			name = Pods;
			sourceTree = "<group>";
		};
		7B4A2E1C1E7945E50017087A = {
			isa = PBXGroup;
			children = (
				F2B8E82D9177BE8914DB26AE /* Frameworks */,
				553C946641D9FC80F2470AB8 /* Pods */,
				7B4A2E261E7945E50017087A /* Products */,
				7B4A2E271E7945E50017087A /* TwitchClient */,
			);
			sourceTree = "<group>";
		};
		7B4A2E261E7945E50017087A /* Products */ = {
			isa = PBXGroup;
			children = (
				7B4A2E251E7945E50017087A /* TwitchClient.app */,
			);
			name = Products;
			sourceTree = "<group>";
		};
		7B4A2E271E7945E50017087A /* TwitchClient */ = {
			isa = PBXGroup;
			children = (
				7B790B831E7C134E00BAFD5A /* DataSource */,
				7B790B801E7C022F00BAFD5A /* Util */,
				7BDF8FF41E7AC506000D11C3 /* Enums */,
				7B5C400E1E7AB1660001A534 /* Extensions */,
				7B5C40141E7AB2170001A534 /* HTTP */,
				7B72ED5F1E7AB95100F1133B /* Models */,
				7B72ED5C1E7AB90900F1133B /* Services */,
				7BD4D6C51E7947F7007A1D81 /* SupportingFiles */,
				7BD4D6C81E7947F7007A1D81 /* ViewControllers */,
				7B790B781E7BD72100BAFD5A /* Views */,
				7B4A2E2F1E7945E50017087A /* Assets.xcassets */,
				7B4A2E311E7945E50017087A /* LaunchScreen.storyboard */,
			);
			path = TwitchClient;
			sourceTree = "<group>";
		};
		7B5C400E1E7AB1660001A534 /* Extensions */ = {
			isa = PBXGroup;
			children = (
				7B5C401B1E7AB5000001A534 /* Dictionary_Extension.swift */,
				7B5C400F1E7AB1790001A534 /* RxSwift_Extension.swift */,
				7BDF8FFA1E7ACA0C000D11C3 /* UIView_Extension.swift */,
				7B790B8C1E7C31DD00BAFD5A /* UIViewController_Extension.swift */,
			);
			path = Extensions;
			sourceTree = "<group>";
		};
		7B5C40141E7AB2170001A534 /* HTTP */ = {
			isa = PBXGroup;
			children = (
				7B790B7B1E7C008000BAFD5A /* Routers */,
				7B5C40191E7AB3780001A534 /* APIParams.swift */,
				7B5C40151E7AB2A10001A534 /* HTTPClient.swift */,
				7B5C401D1E7AB6340001A534 /* RequestAdapter.swift */,
			);
			path = HTTP;
			sourceTree = "<group>";
		};
		7B72ED5C1E7AB90900F1133B /* Services */ = {
			isa = PBXGroup;
			children = (
				7B72ED5D1E7AB91700F1133B /* GamesService.swift */,
				7B790B971E7C34C300BAFD5A /* StreamsService.swift */,
			);
			path = Services;
			sourceTree = "<group>";
		};
		7B72ED5F1E7AB95100F1133B /* Models */ = {
			isa = PBXGroup;
			children = (
				7B790B7F1E7C021100BAFD5A /* DTOs */,
				7B790B7E1E7C020400BAFD5A /* FromBackend */,
			);
			path = Models;
			sourceTree = "<group>";
		};
		7B790B781E7BD72100BAFD5A /* Views */ = {
			isa = PBXGroup;
			children = (
				7B790B861E7C172100BAFD5A /* Cells */,
				7B790B791E7BD72900BAFD5A /* LoadingView.swift */,
			);
			path = Views;
			sourceTree = "<group>";
		};
		7B790B7B1E7C008000BAFD5A /* Routers */ = {
			isa = PBXGroup;
			children = (
				7B5C40171E7AB3520001A534 /* Router.swift */,
				7B790B7C1E7C009200BAFD5A /* GameRouter.swift */,
				7B790B991E7C350200BAFD5A /* StreamRouter.swift */,
			);
			name = Routers;
			path = ..;
			sourceTree = "<group>";
		};
		7B790B7E1E7C020400BAFD5A /* FromBackend */ = {
			isa = PBXGroup;
			children = (
				7B72ED601E7AB95B00F1133B /* Game.swift */,
				7B790B931E7C337400BAFD5A /* Logo.swift */,
				7B790B951E7C339B00BAFD5A /* Stream.swift */,
				7B790BB11E7E8F7000BAFD5A /* TwitchModel.swift */,
			);
			name = FromBackend;
			sourceTree = "<group>";
		};
		7B790B7F1E7C021100BAFD5A /* DTOs */ = {
			isa = PBXGroup;
			children = (
				7B790B811E7C02A100BAFD5A /* Pagination.swift */,
			);
			name = DTOs;
			sourceTree = "<group>";
		};
		7B790B801E7C022F00BAFD5A /* Util */ = {
			isa = PBXGroup;
			children = (
				7B790B761E7BD10E00BAFD5A /* Environments.swift */,
			);
			name = Util;
			sourceTree = "<group>";
		};
		7B790B831E7C134E00BAFD5A /* DataSource */ = {
			isa = PBXGroup;
			children = (
				7B790B841E7C135B00BAFD5A /* DataSource.swift */,
			);
			name = DataSource;
			sourceTree = "<group>";
		};
		7B790B861E7C172100BAFD5A /* Cells */ = {
			isa = PBXGroup;
			children = (
				7B790B871E7C172F00BAFD5A /* GameTableViewCell.swift */,
				7B790BAB1E7E8D4D00BAFD5A /* TableViewCell.swift */,
				7B790BAD1E7E8D6E00BAFD5A /* StreamTableViewCell.swift */,
				7B790BAF1E7E8DAF00BAFD5A /* CellConfigurable.swift */,
			);
			name = Cells;
			sourceTree = "<group>";
		};
		7BD4D6C51E7947F7007A1D81 /* SupportingFiles */ = {
			isa = PBXGroup;
			children = (
				7BD4D6C61E7947F7007A1D81 /* AppDelegate.swift */,
				7B72ED641E7ABC7500F1133B /* Constants.swift */,
				7B72ED5A1E7AB89E00F1133B /* DependencyInjectionConfigurator.swift */,
				7B790B741E7BD00B00BAFD5A /* Environments.plist */,
				7BDF8FF01E7AC30D000D11C3 /* Macros.swift */,
				7BD4D6C71E7947F7007A1D81 /* TwitchClient-Info.plist */,
			);
			path = SupportingFiles;
			sourceTree = "<group>";
		};
		7BD4D6C81E7947F7007A1D81 /* ViewControllers */ = {
			isa = PBXGroup;
			children = (
				7BDF8FF21E7AC48F000D11C3 /* BaseVC.swift */,
				7BD4D6C91E7947F7007A1D81 /* GameListViewController.swift */,
				7B790B8E1E7C322F00BAFD5A /* StreamListViewController.swift */,
			);
			path = ViewControllers;
			sourceTree = "<group>";
		};
		7BDF8FF41E7AC506000D11C3 /* Enums */ = {
			isa = PBXGroup;
			children = (
				7BDF8FF51E7AC50E000D11C3 /* Margin.swift */,
				7BDF8FF71E7AC8A1000D11C3 /* TwitchClientError.swift */,
			);
			path = Enums;
			sourceTree = "<group>";
		};
		F2B8E82D9177BE8914DB26AE /* Frameworks */ = {
			isa = PBXGroup;
			children = (
				C55E914E5C5E9C61F0A1B2BA /* Pods_TwitchClient.framework */,
			);
			name = Frameworks;
			sourceTree = "<group>";
		};
/* End PBXGroup section */

/* Begin PBXNativeTarget section */
		7B4A2E241E7945E50017087A /* TwitchClient */ = {
			isa = PBXNativeTarget;
			buildConfigurationList = 7B4A2E371E7945E50017087A /* Build configuration list for PBXNativeTarget "TwitchClient" */;
			buildPhases = (
				292BD0329CB6732418A5EBD0 /* [CP] Check Pods Manifest.lock */,
				7B4A2E211E7945E50017087A /* Sources */,
				7BDF8FF91E7AC9CC000D11C3 /* SwiftLint */,
				7B4A2E221E7945E50017087A /* Frameworks */,
				7B4A2E231E7945E50017087A /* Resources */,
				CC1B6FC20E217640F2D6BD83 /* [CP] Embed Pods Frameworks */,
				B586F85B9CBFCC39D855E242 /* [CP] Copy Pods Resources */,
			);
			buildRules = (
			);
			dependencies = (
			);
			name = TwitchClient;
			productName = TwitchClient;
			productReference = 7B4A2E251E7945E50017087A /* TwitchClient.app */;
			productType = "com.apple.product-type.application";
		};
/* End PBXNativeTarget section */

/* Begin PBXProject section */
		7B4A2E1D1E7945E50017087A /* Project object */ = {
			isa = PBXProject;
			attributes = {
				LastSwiftUpdateCheck = 0820;
				LastUpgradeCheck = 0820;
				ORGANIZATIONNAME = cyon;
				TargetAttributes = {
					7B4A2E241E7945E50017087A = {
						CreatedOnToolsVersion = 8.2.1;
						ProvisioningStyle = Manual;
						SystemCapabilities = {
							com.apple.BackgroundModes = {
								enabled = 0;
							};
						};
					};
				};
			};
			buildConfigurationList = 7B4A2E201E7945E50017087A /* Build configuration list for PBXProject "TwitchClient" */;
			compatibilityVersion = "Xcode 3.2";
			developmentRegion = English;
			hasScannedForEncodings = 0;
			knownRegions = (
				en,
				Base,
			);
			mainGroup = 7B4A2E1C1E7945E50017087A;
			productRefGroup = 7B4A2E261E7945E50017087A /* Products */;
			projectDirPath = "";
			projectRoot = "";
			targets = (
				7B4A2E241E7945E50017087A /* TwitchClient */,
			);
		};
/* End PBXProject section */

/* Begin PBXResourcesBuildPhase section */
		7B4A2E231E7945E50017087A /* Resources */ = {
			isa = PBXResourcesBuildPhase;
			buildActionMask = 2147483647;
			files = (
				7B4A2E331E7945E50017087A /* LaunchScreen.storyboard in Resources */,
				7B4A2E301E7945E50017087A /* Assets.xcassets in Resources */,
				7B790B751E7BD00B00BAFD5A /* Environments.plist in Resources */,
			);
			runOnlyForDeploymentPostprocessing = 0;
		};
/* End PBXResourcesBuildPhase section */

/* Begin PBXShellScriptBuildPhase section */
		292BD0329CB6732418A5EBD0 /* [CP] Check Pods Manifest.lock */ = {
			isa = PBXShellScriptBuildPhase;
			buildActionMask = 2147483647;
			files = (
			);
			inputPaths = (
			);
			name = "[CP] Check Pods Manifest.lock";
			outputPaths = (
			);
			runOnlyForDeploymentPostprocessing = 0;
			shellPath = /bin/sh;
			shellScript = "diff \"${PODS_ROOT}/../Podfile.lock\" \"${PODS_ROOT}/Manifest.lock\" > /dev/null\nif [ $? != 0 ] ; then\n    # print error to STDERR\n    echo \"error: The sandbox is not in sync with the Podfile.lock. Run 'pod install' or update your CocoaPods installation.\" >&2\n    exit 1\nfi\n";
			showEnvVarsInLog = 0;
		};
		7BDF8FF91E7AC9CC000D11C3 /* SwiftLint */ = {
			isa = PBXShellScriptBuildPhase;
			buildActionMask = 2147483647;
			files = (
			);
			inputPaths = (
			);
			name = SwiftLint;
			outputPaths = (
			);
			runOnlyForDeploymentPostprocessing = 0;
			shellPath = /bin/sh;
			shellScript = "\"${PODS_ROOT}/SwiftLint/swiftlint\"";
		};
		B586F85B9CBFCC39D855E242 /* [CP] Copy Pods Resources */ = {
			isa = PBXShellScriptBuildPhase;
			buildActionMask = 2147483647;
			files = (
			);
			inputPaths = (
			);
			name = "[CP] Copy Pods Resources";
			outputPaths = (
			);
			runOnlyForDeploymentPostprocessing = 0;
			shellPath = /bin/sh;
			shellScript = "\"${SRCROOT}/Pods/Target Support Files/Pods-TwitchClient/Pods-TwitchClient-resources.sh\"\n";
			showEnvVarsInLog = 0;
		};
		CC1B6FC20E217640F2D6BD83 /* [CP] Embed Pods Frameworks */ = {
			isa = PBXShellScriptBuildPhase;
			buildActionMask = 2147483647;
			files = (
			);
			inputPaths = (
			);
			name = "[CP] Embed Pods Frameworks";
			outputPaths = (
			);
			runOnlyForDeploymentPostprocessing = 0;
			shellPath = /bin/sh;
			shellScript = "\"${SRCROOT}/Pods/Target Support Files/Pods-TwitchClient/Pods-TwitchClient-frameworks.sh\"\n";
			showEnvVarsInLog = 0;
		};
/* End PBXShellScriptBuildPhase section */

/* Begin PBXSourcesBuildPhase section */
		7B4A2E211E7945E50017087A /* Sources */ = {
			isa = PBXSourcesBuildPhase;
			buildActionMask = 2147483647;
			files = (
				7BD4D6CC1E7947F7007A1D81 /* GameListViewController.swift in Sources */,
				7B72ED5E1E7AB91700F1133B /* GamesService.swift in Sources */,
				7B790B881E7C172F00BAFD5A /* GameTableViewCell.swift in Sources */,
				7B790BAE1E7E8D6E00BAFD5A /* StreamTableViewCell.swift in Sources */,
				7B790BB01E7E8DAF00BAFD5A /* CellConfigurable.swift in Sources */,
				7B5C401E1E7AB6340001A534 /* RequestAdapter.swift in Sources */,
				7B790B8F1E7C322F00BAFD5A /* StreamListViewController.swift in Sources */,
				7B790B821E7C02A100BAFD5A /* Pagination.swift in Sources */,
				7BD4D6CA1E7947F7007A1D81 /* AppDelegate.swift in Sources */,
				7BDF8FFB1E7ACA0C000D11C3 /* UIView_Extension.swift in Sources */,
				7B72ED5B1E7AB89E00F1133B /* DependencyInjectionConfigurator.swift in Sources */,
				7B790B8D1E7C31DD00BAFD5A /* UIViewController_Extension.swift in Sources */,
				7BDF8FF81E7AC8A1000D11C3 /* TwitchClientError.swift in Sources */,
				7BDF8FF11E7AC30D000D11C3 /* Macros.swift in Sources */,
				7B790B771E7BD10E00BAFD5A /* Environments.swift in Sources */,
				7B790B851E7C135B00BAFD5A /* DataSource.swift in Sources */,
				7B790B941E7C337400BAFD5A /* Logo.swift in Sources */,
				7B5C40181E7AB3520001A534 /* Router.swift in Sources */,
				7B790B961E7C339B00BAFD5A /* Stream.swift in Sources */,
				7BDF8FF61E7AC50E000D11C3 /* Margin.swift in Sources */,
				7B790B7D1E7C009200BAFD5A /* GameRouter.swift in Sources */,
				7B790B981E7C34C300BAFD5A /* StreamsService.swift in Sources */,
				7B72ED651E7ABC7500F1133B /* Constants.swift in Sources */,
				7B790BAC1E7E8D4D00BAFD5A /* TableViewCell.swift in Sources */,
				7B790B7A1E7BD72900BAFD5A /* LoadingView.swift in Sources */,
				7B790BB21E7E8F7000BAFD5A /* TwitchModel.swift in Sources */,
				7B72ED611E7AB95B00F1133B /* Game.swift in Sources */,
				7B5C401C1E7AB5000001A534 /* Dictionary_Extension.swift in Sources */,
				7BDF8FF31E7AC48F000D11C3 /* BaseVC.swift in Sources */,
				7B5C40161E7AB2A10001A534 /* HTTPClient.swift in Sources */,
				7B5C401A1E7AB3780001A534 /* APIParams.swift in Sources */,
				7B790B9A1E7C350200BAFD5A /* StreamRouter.swift in Sources */,
				7B5C40101E7AB1790001A534 /* RxSwift_Extension.swift in Sources */,
			);
			runOnlyForDeploymentPostprocessing = 0;
		};
/* End PBXSourcesBuildPhase section */

/* Begin PBXVariantGroup section */
		7B4A2E311E7945E50017087A /* LaunchScreen.storyboard */ = {
			isa = PBXVariantGroup;
			children = (
				7B4A2E321E7945E50017087A /* Base */,
			);
			name = LaunchScreen.storyboard;
			path = .;
			sourceTree = "<group>";
		};
/* End PBXVariantGroup section */

/* Begin XCBuildConfiguration section */
		7B4A2E351E7945E50017087A /* Debug */ = {
			isa = XCBuildConfiguration;
			buildSettings = {
				ALWAYS_SEARCH_USER_PATHS = NO;
				CLANG_ANALYZER_NONNULL = YES;
				CLANG_CXX_LANGUAGE_STANDARD = "gnu++0x";
				CLANG_CXX_LIBRARY = "libc++";
				CLANG_ENABLE_MODULES = YES;
				CLANG_ENABLE_OBJC_ARC = YES;
				CLANG_WARN_BOOL_CONVERSION = YES;
				CLANG_WARN_CONSTANT_CONVERSION = YES;
				CLANG_WARN_DIRECT_OBJC_ISA_USAGE = YES_ERROR;
				CLANG_WARN_DOCUMENTATION_COMMENTS = YES;
				CLANG_WARN_EMPTY_BODY = YES;
				CLANG_WARN_ENUM_CONVERSION = YES;
				CLANG_WARN_INFINITE_RECURSION = YES;
				CLANG_WARN_INT_CONVERSION = YES;
				CLANG_WARN_OBJC_ROOT_CLASS = YES_ERROR;
				CLANG_WARN_SUSPICIOUS_MOVE = YES;
				CLANG_WARN_UNREACHABLE_CODE = YES;
				CLANG_WARN__DUPLICATE_METHOD_MATCH = YES;
				"CODE_SIGN_IDENTITY[sdk=iphoneos*]" = "iPhone Developer";
				COPY_PHASE_STRIP = NO;
				DEBUG_INFORMATION_FORMAT = dwarf;
				ENABLE_STRICT_OBJC_MSGSEND = YES;
				ENABLE_TESTABILITY = YES;
				GCC_C_LANGUAGE_STANDARD = gnu99;
				GCC_DYNAMIC_NO_PIC = NO;
				GCC_NO_COMMON_BLOCKS = YES;
				GCC_OPTIMIZATION_LEVEL = 0;
				GCC_PREPROCESSOR_DEFINITIONS = (
					"DEBUG=1",
					"$(inherited)",
				);
				GCC_WARN_64_TO_32_BIT_CONVERSION = YES;
				GCC_WARN_ABOUT_RETURN_TYPE = YES_ERROR;
				GCC_WARN_UNDECLARED_SELECTOR = YES;
				GCC_WARN_UNINITIALIZED_AUTOS = YES_AGGRESSIVE;
				GCC_WARN_UNUSED_FUNCTION = YES;
				GCC_WARN_UNUSED_VARIABLE = YES;
				IPHONEOS_DEPLOYMENT_TARGET = 10.2;
				MTL_ENABLE_DEBUG_INFO = YES;
				ONLY_ACTIVE_ARCH = YES;
				SDKROOT = iphoneos;
				SWIFT_ACTIVE_COMPILATION_CONDITIONS = DEBUG;
				SWIFT_OPTIMIZATION_LEVEL = "-Onone";
			};
			name = Debug;
		};
		7B4A2E361E7945E50017087A /* Release */ = {
			isa = XCBuildConfiguration;
			buildSettings = {
				ALWAYS_SEARCH_USER_PATHS = NO;
				CLANG_ANALYZER_NONNULL = YES;
				CLANG_CXX_LANGUAGE_STANDARD = "gnu++0x";
				CLANG_CXX_LIBRARY = "libc++";
				CLANG_ENABLE_MODULES = YES;
				CLANG_ENABLE_OBJC_ARC = YES;
				CLANG_WARN_BOOL_CONVERSION = YES;
				CLANG_WARN_CONSTANT_CONVERSION = YES;
				CLANG_WARN_DIRECT_OBJC_ISA_USAGE = YES_ERROR;
				CLANG_WARN_DOCUMENTATION_COMMENTS = YES;
				CLANG_WARN_EMPTY_BODY = YES;
				CLANG_WARN_ENUM_CONVERSION = YES;
				CLANG_WARN_INFINITE_RECURSION = YES;
				CLANG_WARN_INT_CONVERSION = YES;
				CLANG_WARN_OBJC_ROOT_CLASS = YES_ERROR;
				CLANG_WARN_SUSPICIOUS_MOVE = YES;
				CLANG_WARN_UNREACHABLE_CODE = YES;
				CLANG_WARN__DUPLICATE_METHOD_MATCH = YES;
				"CODE_SIGN_IDENTITY[sdk=iphoneos*]" = "iPhone Developer";
				COPY_PHASE_STRIP = NO;
				DEBUG_INFORMATION_FORMAT = "dwarf-with-dsym";
				ENABLE_NS_ASSERTIONS = NO;
				ENABLE_STRICT_OBJC_MSGSEND = YES;
				GCC_C_LANGUAGE_STANDARD = gnu99;
				GCC_NO_COMMON_BLOCKS = YES;
				GCC_WARN_64_TO_32_BIT_CONVERSION = YES;
				GCC_WARN_ABOUT_RETURN_TYPE = YES_ERROR;
				GCC_WARN_UNDECLARED_SELECTOR = YES;
				GCC_WARN_UNINITIALIZED_AUTOS = YES_AGGRESSIVE;
				GCC_WARN_UNUSED_FUNCTION = YES;
				GCC_WARN_UNUSED_VARIABLE = YES;
				IPHONEOS_DEPLOYMENT_TARGET = 10.2;
				MTL_ENABLE_DEBUG_INFO = NO;
				SDKROOT = iphoneos;
				SWIFT_OPTIMIZATION_LEVEL = "-Owholemodule";
				VALIDATE_PRODUCT = YES;
			};
			name = Release;
		};
		7B4A2E381E7945E50017087A /* Debug */ = {
			isa = XCBuildConfiguration;
			baseConfigurationReference = A534830084560746B460B84F /* Pods-TwitchClient.debug.xcconfig */;
			buildSettings = {
				ASSETCATALOG_COMPILER_APPICON_NAME = AppIcon;
				DEVELOPMENT_TEAM = "";
				INFOPLIST_FILE = "TwitchClient/SupportingFiles/TwitchClient-Info.plist";
				LD_RUNPATH_SEARCH_PATHS = "$(inherited) @executable_path/Frameworks";
				PRODUCT_BUNDLE_IDENTIFIER = com.cyon.TwitchClient;
				PRODUCT_NAME = "$(TARGET_NAME)";
				SWIFT_VERSION = 3.0;
			};
			name = Debug;
		};
		7B4A2E391E7945E50017087A /* Release */ = {
			isa = XCBuildConfiguration;
			baseConfigurationReference = 232D71470C99D354D0E53A7D /* Pods-TwitchClient.release.xcconfig */;
			buildSettings = {
				ASSETCATALOG_COMPILER_APPICON_NAME = AppIcon;
				DEVELOPMENT_TEAM = "";
				INFOPLIST_FILE = "TwitchClient/SupportingFiles/TwitchClient-Info.plist";
				LD_RUNPATH_SEARCH_PATHS = "$(inherited) @executable_path/Frameworks";
				PRODUCT_BUNDLE_IDENTIFIER = com.cyon.TwitchClient;
				PRODUCT_NAME = "$(TARGET_NAME)";
				SWIFT_VERSION = 3.0;
			};
			name = Release;
		};
/* End XCBuildConfiguration section */

/* Begin XCConfigurationList section */
		7B4A2E201E7945E50017087A /* Build configuration list for PBXProject "TwitchClient" */ = {
			isa = XCConfigurationList;
			buildConfigurations = (
				7B4A2E351E7945E50017087A /* Debug */,
				7B4A2E361E7945E50017087A /* Release */,
			);
			defaultConfigurationIsVisible = 0;
			defaultConfigurationName = Release;
		};
		7B4A2E371E7945E50017087A /* Build configuration list for PBXNativeTarget "TwitchClient" */ = {
			isa = XCConfigurationList;
			buildConfigurations = (
				7B4A2E381E7945E50017087A /* Debug */,
				7B4A2E391E7945E50017087A /* Release */,
			);
			defaultConfigurationIsVisible = 0;
			defaultConfigurationName = Release;
		};
/* End XCConfigurationList section */
	};
	rootObject = 7B4A2E1D1E7945E50017087A /* Project object */;
}
